{
    "_readme": [
        "This file locks the dependencies of your project to a known state",
        "Read more about it at https://getcomposer.org/doc/01-basic-usage.md#installing-dependencies",
        "This file is @generated automatically"
    ],
    "content-hash": "acaa36f240969338a9b99208b703f592",
    "packages": [
        {
            "name": "amphp/amp",
            "version": "v3.0.2",
            "source": {
                "type": "git",
                "url": "https://github.com/amphp/amp.git",
                "reference": "138801fb68cfc9c329da8a7b39d01ce7291ee4b0"
            },
            "dist": {
                "type": "zip",
                "url": "https://api.github.com/repos/amphp/amp/zipball/138801fb68cfc9c329da8a7b39d01ce7291ee4b0",
                "reference": "138801fb68cfc9c329da8a7b39d01ce7291ee4b0",
                "shasum": ""
            },
            "require": {
                "php": ">=8.1",
                "revolt/event-loop": "^1 || ^0.2"
            },
            "require-dev": {
                "amphp/php-cs-fixer-config": "^2",
                "phpunit/phpunit": "^9",
                "psalm/phar": "5.23.1"
            },
            "type": "library",
            "autoload": {
                "files": [
                    "src/functions.php",
                    "src/Future/functions.php",
                    "src/Internal/functions.php"
                ],
                "psr-4": {
                    "Amp\\": "src"
                }
            },
            "notification-url": "https://packagist.org/downloads/",
            "license": [
                "MIT"
            ],
            "authors": [
                {
                    "name": "Aaron Piotrowski",
                    "email": "aaron@trowski.com"
                },
                {
                    "name": "Bob Weinand",
                    "email": "bobwei9@hotmail.com"
                },
                {
                    "name": "Niklas Keller",
                    "email": "me@kelunik.com"
                },
                {
                    "name": "Daniel Lowrey",
                    "email": "rdlowrey@php.net"
                }
            ],
            "description": "A non-blocking concurrency framework for PHP applications.",
            "homepage": "https://amphp.org/amp",
            "keywords": [
                "async",
                "asynchronous",
                "awaitable",
                "concurrency",
                "event",
                "event-loop",
                "future",
                "non-blocking",
                "promise"
            ],
            "support": {
                "issues": "https://github.com/amphp/amp/issues",
                "source": "https://github.com/amphp/amp/tree/v3.0.2"
            },
            "funding": [
                {
                    "url": "https://github.com/amphp",
                    "type": "github"
                }
            ],
            "time": "2024-05-10T21:37:46+00:00"
        },
        {
            "name": "amphp/pipeline",
            "version": "v1.2.0",
            "source": {
                "type": "git",
                "url": "https://github.com/amphp/pipeline.git",
                "reference": "f1c2ce35d27ae86ead018adb803eccca7421dd9b"
            },
            "dist": {
                "type": "zip",
                "url": "https://api.github.com/repos/amphp/pipeline/zipball/f1c2ce35d27ae86ead018adb803eccca7421dd9b",
                "reference": "f1c2ce35d27ae86ead018adb803eccca7421dd9b",
                "shasum": ""
            },
            "require": {
                "amphp/amp": "^3",
                "php": ">=8.1",
                "revolt/event-loop": "^1"
            },
            "require-dev": {
                "amphp/php-cs-fixer-config": "^2",
                "amphp/phpunit-util": "^3",
                "phpunit/phpunit": "^9",
                "psalm/phar": "^5.18"
            },
            "type": "library",
            "autoload": {
                "psr-4": {
                    "Amp\\Pipeline\\": "src"
                }
            },
            "notification-url": "https://packagist.org/downloads/",
            "license": [
                "MIT"
            ],
            "authors": [
                {
                    "name": "Aaron Piotrowski",
                    "email": "aaron@trowski.com"
                },
                {
                    "name": "Niklas Keller",
                    "email": "me@kelunik.com"
                }
            ],
            "description": "Asynchronous iterators and operators.",
            "homepage": "https://amphp.org/pipeline",
            "keywords": [
                "amp",
                "amphp",
                "async",
                "io",
                "iterator",
                "non-blocking"
            ],
            "support": {
                "issues": "https://github.com/amphp/pipeline/issues",
                "source": "https://github.com/amphp/pipeline/tree/v1.2.0"
            },
            "funding": [
                {
                    "url": "https://github.com/amphp",
                    "type": "github"
                }
            ],
            "time": "2024-03-10T14:48:16+00:00"
        },
        {
            "name": "amphp/serialization",
            "version": "v1.0.0",
            "source": {
                "type": "git",
                "url": "https://github.com/amphp/serialization.git",
                "reference": "693e77b2fb0b266c3c7d622317f881de44ae94a1"
            },
            "dist": {
                "type": "zip",
                "url": "https://api.github.com/repos/amphp/serialization/zipball/693e77b2fb0b266c3c7d622317f881de44ae94a1",
                "reference": "693e77b2fb0b266c3c7d622317f881de44ae94a1",
                "shasum": ""
            },
            "require": {
                "php": ">=7.1"
            },
            "require-dev": {
                "amphp/php-cs-fixer-config": "dev-master",
                "phpunit/phpunit": "^9 || ^8 || ^7"
            },
            "type": "library",
            "autoload": {
                "files": [
                    "src/functions.php"
                ],
                "psr-4": {
                    "Amp\\Serialization\\": "src"
                }
            },
            "notification-url": "https://packagist.org/downloads/",
            "license": [
                "MIT"
            ],
            "authors": [
                {
                    "name": "Aaron Piotrowski",
                    "email": "aaron@trowski.com"
                },
                {
                    "name": "Niklas Keller",
                    "email": "me@kelunik.com"
                }
            ],
            "description": "Serialization tools for IPC and data storage in PHP.",
            "homepage": "https://github.com/amphp/serialization",
            "keywords": [
                "async",
                "asynchronous",
                "serialization",
                "serialize"
            ],
            "support": {
                "issues": "https://github.com/amphp/serialization/issues",
                "source": "https://github.com/amphp/serialization/tree/master"
            },
            "time": "2020-03-25T21:39:07+00:00"
        },
        {
            "name": "amphp/sync",
            "version": "v2.2.0",
            "source": {
                "type": "git",
                "url": "https://github.com/amphp/sync.git",
                "reference": "375ef5b54a0d12c38e12728dde05a55e30f2fbec"
            },
            "dist": {
                "type": "zip",
                "url": "https://api.github.com/repos/amphp/sync/zipball/375ef5b54a0d12c38e12728dde05a55e30f2fbec",
                "reference": "375ef5b54a0d12c38e12728dde05a55e30f2fbec",
                "shasum": ""
            },
            "require": {
                "amphp/amp": "^3",
                "amphp/pipeline": "^1",
                "amphp/serialization": "^1",
                "php": ">=8.1",
                "revolt/event-loop": "^1 || ^0.2"
            },
            "require-dev": {
                "amphp/php-cs-fixer-config": "^2",
                "amphp/phpunit-util": "^3",
                "phpunit/phpunit": "^9",
                "psalm/phar": "5.23"
            },
            "type": "library",
            "autoload": {
                "files": [
                    "src/functions.php"
                ],
                "psr-4": {
                    "Amp\\Sync\\": "src"
                }
            },
            "notification-url": "https://packagist.org/downloads/",
            "license": [
                "MIT"
            ],
            "authors": [
                {
                    "name": "Aaron Piotrowski",
                    "email": "aaron@trowski.com"
                },
                {
                    "name": "Niklas Keller",
                    "email": "me@kelunik.com"
                },
                {
                    "name": "Stephen Coakley",
                    "email": "me@stephencoakley.com"
                }
            ],
            "description": "Non-blocking synchronization primitives for PHP based on Amp and Revolt.",
            "homepage": "https://github.com/amphp/sync",
            "keywords": [
                "async",
                "asynchronous",
                "mutex",
                "semaphore",
                "synchronization"
            ],
            "support": {
                "issues": "https://github.com/amphp/sync/issues",
                "source": "https://github.com/amphp/sync/tree/v2.2.0"
            },
            "funding": [
                {
                    "url": "https://github.com/amphp",
                    "type": "github"
                }
            ],
            "time": "2024-03-12T01:00:01+00:00"
        },
        {
            "name": "revolt/event-loop",
            "version": "v1.0.6",
            "source": {
                "type": "git",
                "url": "https://github.com/revoltphp/event-loop.git",
                "reference": "25de49af7223ba039f64da4ae9a28ec2d10d0254"
            },
            "dist": {
                "type": "zip",
                "url": "https://api.github.com/repos/revoltphp/event-loop/zipball/25de49af7223ba039f64da4ae9a28ec2d10d0254",
                "reference": "25de49af7223ba039f64da4ae9a28ec2d10d0254",
                "shasum": ""
            },
            "require": {
                "php": ">=8.1"
            },
            "require-dev": {
                "ext-json": "*",
                "jetbrains/phpstorm-stubs": "^2019.3",
                "phpunit/phpunit": "^9",
                "psalm/phar": "^5.15"
            },
            "type": "library",
            "extra": {
                "branch-alias": {
                    "dev-main": "1.x-dev"
                }
            },
            "autoload": {
                "psr-4": {
                    "Revolt\\": "src"
                }
            },
            "notification-url": "https://packagist.org/downloads/",
            "license": [
                "MIT"
            ],
            "authors": [
                {
                    "name": "Aaron Piotrowski",
                    "email": "aaron@trowski.com"
                },
                {
                    "name": "Cees-Jan Kiewiet",
                    "email": "ceesjank@gmail.com"
                },
                {
                    "name": "Christian Lück",
                    "email": "christian@clue.engineering"
                },
                {
                    "name": "Niklas Keller",
                    "email": "me@kelunik.com"
                }
            ],
            "description": "Rock-solid event loop for concurrent PHP applications.",
            "keywords": [
                "async",
                "asynchronous",
                "concurrency",
                "event",
                "event-loop",
                "non-blocking",
                "scheduler"
            ],
            "support": {
                "issues": "https://github.com/revoltphp/event-loop/issues",
                "source": "https://github.com/revoltphp/event-loop/tree/v1.0.6"
            },
            "time": "2023-11-30T05:34:44+00:00"
        }
    ],
    "packages-dev": [],
    "aliases": [],
    "minimum-stability": "stable",
    "stability-flags": [],
    "prefer-stable": false,
    "prefer-lowest": false,
    "platform": [],
    "platform-dev": [],
    "plugin-api-version": "2.3.0"
}
